
Microsoft Visual Studio Solution File, Format Version 12.00
# Visual Studio 15
VisualStudioVersion = 15.0.26430.6
MinimumVisualStudioVersion = 10.0.40219.1
Project("{FAE04EC0-301F-11D3-BF4B-00C04F79EFBC}") = "3.DecimalToBinaryConverter", "3.DecimalToBinaryConverter\3.DecimalToBinaryConverter.csproj", "{66E272DB-6F50-4F2A-A758-73960C1C0997}"
EndProject
Project("{FAE04EC0-301F-11D3-BF4B-00C04F79EFBC}") = "1.ReverseStrings", "1.ReverseStrings\1.ReverseStrings.csproj", "{90FA1581-59C4-4B93-9685-7EFCFDB570FC}"
EndProject
Project("{FAE04EC0-301F-11D3-BF4B-00C04F79EFBC}") = "4.MatchingBrackets", "4.MatchingBrackets\4.MatchingBrackets.csproj", "{5E920BCB-A1B4-44B4-AEBF-37DDAE105387}"
EndProject
Project("{FAE04EC0-301F-11D3-BF4B-00C04F79EFBC}") = "5.HotPotato", "5.HotPotato\5.HotPotato.csproj", "{1FACC8DA-DE92-4FCA-8F19-2A307B24B123}"
EndProject
Global
	GlobalSection(SolutionConfigurationPlatforms) = preSolution
		Debug|Any CPU = Debug|Any CPU
		Release|Any CPU = Release|Any CPU
	EndGlobalSection
	GlobalSection(ProjectConfigurationPlatforms) = postSolution
		{66E272DB-6F50-4F2A-A758-73960C1C0997}.Debug|Any CPU.ActiveCfg = Debug|Any CPU
		{66E272DB-6F50-4F2A-A758-73960C1C0997}.Debug|Any CPU.Build.0 = Debug|Any CPU
		{66E272DB-6F50-4F2A-A758-73960C1C0997}.Release|Any CPU.ActiveCfg = Release|Any CPU
		{66E272DB-6F50-4F2A-A758-73960C1C0997}.Release|Any CPU.Build.0 = Release|Any CPU
		{90FA1581-59C4-4B93-9685-7EFCFDB570FC}.Debug|Any CPU.ActiveCfg = Debug|Any CPU
		{90FA1581-59C4-4B93-9685-7EFCFDB570FC}.Debug|Any CPU.Build.0 = Debug|Any CPU
		{90FA1581-59C4-4B93-9685-7EFCFDB570FC}.Release|Any CPU.ActiveCfg = Release|Any CPU
		{90FA1581-59C4-4B93-9685-7EFCFDB570FC}.Release|Any CPU.Build.0 = Release|Any CPU
		{5E920BCB-A1B4-44B4-AEBF-37DDAE105387}.Debug|Any CPU.ActiveCfg = Debug|Any CPU
		{5E920BCB-A1B4-44B4-AEBF-37DDAE105387}.Debug|Any CPU.Build.0 = Debug|Any CPU
		{5E920BCB-A1B4-44B4-AEBF-37DDAE105387}.Release|Any CPU.ActiveCfg = Release|Any CPU
		{5E920BCB-A1B4-44B4-AEBF-37DDAE105387}.Release|Any CPU.Build.0 = Release|Any CPU
		{1FACC8DA-DE92-4FCA-8F19-2A307B24B123}.Debug|Any CPU.ActiveCfg = Debug|Any CPU
		{1FACC8DA-DE92-4FCA-8F19-2A307B24B123}.Debug|Any CPU.Build.0 = Debug|Any CPU
		{1FACC8DA-DE92-4FCA-8F19-2A307B24B123}.Release|Any CPU.ActiveCfg = Release|Any CPU
		{1FACC8DA-DE92-4FCA-8F19-2A307B24B123}.Release|Any CPU.Build.0 = Release|Any CPU
	EndGlobalSection
	GlobalSection(SolutionProperties) = preSolution
		HideSolutionNode = FALSE
	EndGlobalSection
EndGlobal
