
Microsoft Visual Studio Solution File, Format Version 12.00
# Visual Studio 15
VisualStudioVersion = 15.0.26430.6
MinimumVisualStudioVersion = 10.0.40219.1
Project("{FAE04EC0-301F-11D3-BF4B-00C04F79EFBC}") = "01.Unique Usernames", "01.Unique Usernames\01.Unique Usernames.csproj", "{558A3216-677B-49C7-ADF4-CEB80A3EF9F2}"
EndProject
Project("{FAE04EC0-301F-11D3-BF4B-00C04F79EFBC}") = "02. Sets Of Elements", "02. Sets Of Elements\02. Sets Of Elements.csproj", "{70944BD1-1478-480D-8628-2FED85FA5E13}"
EndProject
Project("{FAE04EC0-301F-11D3-BF4B-00C04F79EFBC}") = "03. Periodic Table", "03. Periodic Table\03. Periodic Table.csproj", "{78D263DD-7B8D-4041-BD22-422E734FF8D1}"
EndProject
Project("{FAE04EC0-301F-11D3-BF4B-00C04F79EFBC}") = "04. Count Symbols", "04. Count Symbols\04. Count Symbols.csproj", "{759CACEF-6835-441E-8BE5-9450EE8FF960}"
EndProject
Project("{FAE04EC0-301F-11D3-BF4B-00C04F79EFBC}") = "05. Phonebook", "05. Phonebook\05. Phonebook.csproj", "{A99ECCA7-460C-4E70-B811-43A2FB03DE4D}"
EndProject
Project("{FAE04EC0-301F-11D3-BF4B-00C04F79EFBC}") = "06. A Miner's Task", "06. A Miner's Task\06. A Miner's Task.csproj", "{9CA13E51-07E4-4C0C-B84B-B1FAC112C5EE}"
EndProject
Project("{FAE04EC0-301F-11D3-BF4B-00C04F79EFBC}") = "07. Fix Emails", "07. Fix Emails\07. Fix Emails.csproj", "{48C70AFA-4AC7-44E1-8977-AB26932D2884}"
EndProject
Project("{FAE04EC0-301F-11D3-BF4B-00C04F79EFBC}") = "08. Hands of Cards", "08. Hands of Cards\08. Hands of Cards.csproj", "{DB3C5281-0942-4DD1-ABA2-879A1E794192}"
EndProject
Project("{FAE04EC0-301F-11D3-BF4B-00C04F79EFBC}") = "09. User Logs", "09. User Logs\09. User Logs.csproj", "{8760A015-ADFB-4E45-A7A5-72142451DF63}"
EndProject
Project("{FAE04EC0-301F-11D3-BF4B-00C04F79EFBC}") = "10. Population Counter", "10. Population Counter\10. Population Counter.csproj", "{3BF95B2B-E79E-4708-8FE5-F32F312DD8D7}"
EndProject
Project("{FAE04EC0-301F-11D3-BF4B-00C04F79EFBC}") = "11. Logs Aggregator", "11. Logs Aggregator\11. Logs Aggregator.csproj", "{F9630296-B428-407A-AB56-B10B9DBD9E75}"
EndProject
Project("{FAE04EC0-301F-11D3-BF4B-00C04F79EFBC}") = "12. Legendary Farming", "12. Legendary Farming\12. Legendary Farming.csproj", "{4F3F2890-ACDF-4761-BBFC-A178DE4E077F}"
EndProject
Project("{FAE04EC0-301F-11D3-BF4B-00C04F79EFBC}") = "13. Srabsko Unleashed", "13. Srabsko Unleashed\13. Srabsko Unleashed.csproj", "{456F152C-87CC-420A-BD0E-5689D5C30820}"
EndProject
Project("{FAE04EC0-301F-11D3-BF4B-00C04F79EFBC}") = "14. Dragon Army", "14. Dragon Army\14. Dragon Army.csproj", "{E0F7415C-6B3C-42EE-8097-F65604C86A33}"
EndProject
Global
	GlobalSection(SolutionConfigurationPlatforms) = preSolution
		Debug|Any CPU = Debug|Any CPU
		Release|Any CPU = Release|Any CPU
	EndGlobalSection
	GlobalSection(ProjectConfigurationPlatforms) = postSolution
		{558A3216-677B-49C7-ADF4-CEB80A3EF9F2}.Debug|Any CPU.ActiveCfg = Debug|Any CPU
		{558A3216-677B-49C7-ADF4-CEB80A3EF9F2}.Debug|Any CPU.Build.0 = Debug|Any CPU
		{558A3216-677B-49C7-ADF4-CEB80A3EF9F2}.Release|Any CPU.ActiveCfg = Release|Any CPU
		{558A3216-677B-49C7-ADF4-CEB80A3EF9F2}.Release|Any CPU.Build.0 = Release|Any CPU
		{70944BD1-1478-480D-8628-2FED85FA5E13}.Debug|Any CPU.ActiveCfg = Debug|Any CPU
		{70944BD1-1478-480D-8628-2FED85FA5E13}.Debug|Any CPU.Build.0 = Debug|Any CPU
		{70944BD1-1478-480D-8628-2FED85FA5E13}.Release|Any CPU.ActiveCfg = Release|Any CPU
		{70944BD1-1478-480D-8628-2FED85FA5E13}.Release|Any CPU.Build.0 = Release|Any CPU
		{78D263DD-7B8D-4041-BD22-422E734FF8D1}.Debug|Any CPU.ActiveCfg = Debug|Any CPU
		{78D263DD-7B8D-4041-BD22-422E734FF8D1}.Debug|Any CPU.Build.0 = Debug|Any CPU
		{78D263DD-7B8D-4041-BD22-422E734FF8D1}.Release|Any CPU.ActiveCfg = Release|Any CPU
		{78D263DD-7B8D-4041-BD22-422E734FF8D1}.Release|Any CPU.Build.0 = Release|Any CPU
		{759CACEF-6835-441E-8BE5-9450EE8FF960}.Debug|Any CPU.ActiveCfg = Debug|Any CPU
		{759CACEF-6835-441E-8BE5-9450EE8FF960}.Debug|Any CPU.Build.0 = Debug|Any CPU
		{759CACEF-6835-441E-8BE5-9450EE8FF960}.Release|Any CPU.ActiveCfg = Release|Any CPU
		{759CACEF-6835-441E-8BE5-9450EE8FF960}.Release|Any CPU.Build.0 = Release|Any CPU
		{A99ECCA7-460C-4E70-B811-43A2FB03DE4D}.Debug|Any CPU.ActiveCfg = Debug|Any CPU
		{A99ECCA7-460C-4E70-B811-43A2FB03DE4D}.Debug|Any CPU.Build.0 = Debug|Any CPU
		{A99ECCA7-460C-4E70-B811-43A2FB03DE4D}.Release|Any CPU.ActiveCfg = Release|Any CPU
		{A99ECCA7-460C-4E70-B811-43A2FB03DE4D}.Release|Any CPU.Build.0 = Release|Any CPU
		{9CA13E51-07E4-4C0C-B84B-B1FAC112C5EE}.Debug|Any CPU.ActiveCfg = Debug|Any CPU
		{9CA13E51-07E4-4C0C-B84B-B1FAC112C5EE}.Debug|Any CPU.Build.0 = Debug|Any CPU
		{9CA13E51-07E4-4C0C-B84B-B1FAC112C5EE}.Release|Any CPU.ActiveCfg = Release|Any CPU
		{9CA13E51-07E4-4C0C-B84B-B1FAC112C5EE}.Release|Any CPU.Build.0 = Release|Any CPU
		{48C70AFA-4AC7-44E1-8977-AB26932D2884}.Debug|Any CPU.ActiveCfg = Debug|Any CPU
		{48C70AFA-4AC7-44E1-8977-AB26932D2884}.Debug|Any CPU.Build.0 = Debug|Any CPU
		{48C70AFA-4AC7-44E1-8977-AB26932D2884}.Release|Any CPU.ActiveCfg = Release|Any CPU
		{48C70AFA-4AC7-44E1-8977-AB26932D2884}.Release|Any CPU.Build.0 = Release|Any CPU
		{DB3C5281-0942-4DD1-ABA2-879A1E794192}.Debug|Any CPU.ActiveCfg = Debug|Any CPU
		{DB3C5281-0942-4DD1-ABA2-879A1E794192}.Debug|Any CPU.Build.0 = Debug|Any CPU
		{DB3C5281-0942-4DD1-ABA2-879A1E794192}.Release|Any CPU.ActiveCfg = Release|Any CPU
		{DB3C5281-0942-4DD1-ABA2-879A1E794192}.Release|Any CPU.Build.0 = Release|Any CPU
		{8760A015-ADFB-4E45-A7A5-72142451DF63}.Debug|Any CPU.ActiveCfg = Debug|Any CPU
		{8760A015-ADFB-4E45-A7A5-72142451DF63}.Debug|Any CPU.Build.0 = Debug|Any CPU
		{8760A015-ADFB-4E45-A7A5-72142451DF63}.Release|Any CPU.ActiveCfg = Release|Any CPU
		{8760A015-ADFB-4E45-A7A5-72142451DF63}.Release|Any CPU.Build.0 = Release|Any CPU
		{3BF95B2B-E79E-4708-8FE5-F32F312DD8D7}.Debug|Any CPU.ActiveCfg = Debug|Any CPU
		{3BF95B2B-E79E-4708-8FE5-F32F312DD8D7}.Debug|Any CPU.Build.0 = Debug|Any CPU
		{3BF95B2B-E79E-4708-8FE5-F32F312DD8D7}.Release|Any CPU.ActiveCfg = Release|Any CPU
		{3BF95B2B-E79E-4708-8FE5-F32F312DD8D7}.Release|Any CPU.Build.0 = Release|Any CPU
		{F9630296-B428-407A-AB56-B10B9DBD9E75}.Debug|Any CPU.ActiveCfg = Debug|Any CPU
		{F9630296-B428-407A-AB56-B10B9DBD9E75}.Debug|Any CPU.Build.0 = Debug|Any CPU
		{F9630296-B428-407A-AB56-B10B9DBD9E75}.Release|Any CPU.ActiveCfg = Release|Any CPU
		{F9630296-B428-407A-AB56-B10B9DBD9E75}.Release|Any CPU.Build.0 = Release|Any CPU
		{4F3F2890-ACDF-4761-BBFC-A178DE4E077F}.Debug|Any CPU.ActiveCfg = Debug|Any CPU
		{4F3F2890-ACDF-4761-BBFC-A178DE4E077F}.Debug|Any CPU.Build.0 = Debug|Any CPU
		{4F3F2890-ACDF-4761-BBFC-A178DE4E077F}.Release|Any CPU.ActiveCfg = Release|Any CPU
		{4F3F2890-ACDF-4761-BBFC-A178DE4E077F}.Release|Any CPU.Build.0 = Release|Any CPU
		{456F152C-87CC-420A-BD0E-5689D5C30820}.Debug|Any CPU.ActiveCfg = Debug|Any CPU
		{456F152C-87CC-420A-BD0E-5689D5C30820}.Debug|Any CPU.Build.0 = Debug|Any CPU
		{456F152C-87CC-420A-BD0E-5689D5C30820}.Release|Any CPU.ActiveCfg = Release|Any CPU
		{456F152C-87CC-420A-BD0E-5689D5C30820}.Release|Any CPU.Build.0 = Release|Any CPU
		{E0F7415C-6B3C-42EE-8097-F65604C86A33}.Debug|Any CPU.ActiveCfg = Debug|Any CPU
		{E0F7415C-6B3C-42EE-8097-F65604C86A33}.Debug|Any CPU.Build.0 = Debug|Any CPU
		{E0F7415C-6B3C-42EE-8097-F65604C86A33}.Release|Any CPU.ActiveCfg = Release|Any CPU
		{E0F7415C-6B3C-42EE-8097-F65604C86A33}.Release|Any CPU.Build.0 = Release|Any CPU
	EndGlobalSection
	GlobalSection(SolutionProperties) = preSolution
		HideSolutionNode = FALSE
	EndGlobalSection
EndGlobal
